
Microsoft Visual Studio Solution File, Format Version 12.00
# Visual Studio Version 17
VisualStudioVersion = 17.14.36310.24 d17.14
MinimumVisualStudioVersion = 10.0.40219.1
Project("{FAE04EC0-301F-11D3-BF4B-00C04F79EFBC}") = "PCB_TO_SOP_DB", "PCB_TO_SOP_DB.csproj", "{742A321C-6A06-4E93-ADC6-DB9874D92128}"
EndProject
Global
	GlobalSection(SolutionConfigurationPlatforms) = preSolution
		Debug|Any CPU = Debug|Any CPU
		Release|Any CPU = Release|Any CPU
	EndGlobalSection
	GlobalSection(ProjectConfigurationPlatforms) = postSolution
		{742A321C-6A06-4E93-ADC6-DB9874D92128}.Debug|Any CPU.ActiveCfg = Debug|Any CPU
		{742A321C-6A06-4E93-ADC6-DB9874D92128}.Debug|Any CPU.Build.0 = Debug|Any CPU
		{742A321C-6A06-4E93-ADC6-DB9874D92128}.Release|Any CPU.ActiveCfg = Release|Any CPU
		{742A321C-6A06-4E93-ADC6-DB9874D92128}.Release|Any CPU.Build.0 = Release|Any CPU
	EndGlobalSection
	GlobalSection(SolutionProperties) = preSolution
		HideSolutionNode = FALSE
	EndGlobalSection
	GlobalSection(ExtensibilityGlobals) = postSolution
		SolutionGuid = {83040EBF-767C-413F-B48B-7B2AE5CC5801}
	EndGlobalSection
EndGlobal
